
Microsoft Visual Studio Solution File, Format Version 12.00
# Visual Studio 15
Project("{FAE04EC0-301F-11D3-BF4B-00C04F79EFBC}") = "UnityEngine.TestRunner", "UnityEngine.TestRunner.csproj", "{A7DB71EF-47C2-91FC-12C6-527A1F7F9BC2}"
EndProject
Project("{FAE04EC0-301F-11D3-BF4B-00C04F79EFBC}") = "Unity.Timeline", "Unity.Timeline.csproj", "{9E79C364-C343-A750-BE78-ECA4E215209E}"
EndProject
Project("{FAE04EC0-301F-11D3-BF4B-00C04F79EFBC}") = "Unity.TextMeshPro", "Unity.TextMeshPro.csproj", "{C9E61173-BFAC-541C-FEBE-06BA5292EEB8}"
EndProject
Project("{FAE04EC0-301F-11D3-BF4B-00C04F79EFBC}") = "Assembly-CSharp", "Assembly-CSharp.csproj", "{E82FAC26-4CB7-8E76-A6F8-66FAFE1BDFA3}"
EndProject
Project("{FAE04EC0-301F-11D3-BF4B-00C04F79EFBC}") = "Unity.Timeline.Editor", "Unity.Timeline.Editor.csproj", "{B510B476-2914-347F-D6B9-9504D2A75EDE}"
EndProject
Project("{FAE04EC0-301F-11D3-BF4B-00C04F79EFBC}") = "UnityEditor.TestRunner", "UnityEditor.TestRunner.csproj", "{65DE5DC5-B303-AC82-6082-A3D878B2DFE6}"
EndProject
Project("{FAE04EC0-301F-11D3-BF4B-00C04F79EFBC}") = "Unity.VisualStudio.Editor", "Unity.VisualStudio.Editor.csproj", "{05B47512-E1A3-5CC4-E5C2-B865904B04DD}"
EndProject
Project("{FAE04EC0-301F-11D3-BF4B-00C04F79EFBC}") = "Unity.TextMeshPro.Editor", "Unity.TextMeshPro.Editor.csproj", "{75DCAABF-FC27-3E21-92C2-ABE9ABC046BC}"
EndProject
Project("{FAE04EC0-301F-11D3-BF4B-00C04F79EFBC}") = "Unity.CollabProxy.Editor", "Unity.CollabProxy.Editor.csproj", "{EB2E9EAE-F143-3D62-4C34-F3138DAA27D8}"
EndProject
Project("{FAE04EC0-301F-11D3-BF4B-00C04F79EFBC}") = "Unity.VSCode.Editor", "Unity.VSCode.Editor.csproj", "{7C64894B-2891-9AB7-7932-FA2EAB2CBA44}"
EndProject
Project("{FAE04EC0-301F-11D3-BF4B-00C04F79EFBC}") = "Unity.Rider.Editor", "Unity.Rider.Editor.csproj", "{8B586C60-3DED-F96E-5446-696DC41F55A5}"
EndProject
Global
	GlobalSection(SolutionConfigurationPlatforms) = preSolution
		Debug|Any CPU = Debug|Any CPU
		Release|Any CPU = Release|Any CPU
	EndGlobalSection
	GlobalSection(ProjectConfigurationPlatforms) = postSolution
		{A7DB71EF-47C2-91FC-12C6-527A1F7F9BC2}.Debug|Any CPU.ActiveCfg = Debug|Any CPU
		{A7DB71EF-47C2-91FC-12C6-527A1F7F9BC2}.Debug|Any CPU.Build.0 = Debug|Any CPU
		{A7DB71EF-47C2-91FC-12C6-527A1F7F9BC2}.Release|Any CPU.ActiveCfg = Release|Any CPU
		{A7DB71EF-47C2-91FC-12C6-527A1F7F9BC2}.Release|Any CPU.Build.0 = Release|Any CPU
		{9E79C364-C343-A750-BE78-ECA4E215209E}.Debug|Any CPU.ActiveCfg = Debug|Any CPU
		{9E79C364-C343-A750-BE78-ECA4E215209E}.Debug|Any CPU.Build.0 = Debug|Any CPU
		{9E79C364-C343-A750-BE78-ECA4E215209E}.Release|Any CPU.ActiveCfg = Release|Any CPU
		{9E79C364-C343-A750-BE78-ECA4E215209E}.Release|Any CPU.Build.0 = Release|Any CPU
		{C9E61173-BFAC-541C-FEBE-06BA5292EEB8}.Debug|Any CPU.ActiveCfg = Debug|Any CPU
		{C9E61173-BFAC-541C-FEBE-06BA5292EEB8}.Debug|Any CPU.Build.0 = Debug|Any CPU
		{C9E61173-BFAC-541C-FEBE-06BA5292EEB8}.Release|Any CPU.ActiveCfg = Release|Any CPU
		{C9E61173-BFAC-541C-FEBE-06BA5292EEB8}.Release|Any CPU.Build.0 = Release|Any CPU
		{E82FAC26-4CB7-8E76-A6F8-66FAFE1BDFA3}.Debug|Any CPU.ActiveCfg = Debug|Any CPU
		{E82FAC26-4CB7-8E76-A6F8-66FAFE1BDFA3}.Debug|Any CPU.Build.0 = Debug|Any CPU
		{E82FAC26-4CB7-8E76-A6F8-66FAFE1BDFA3}.Release|Any CPU.ActiveCfg = Release|Any CPU
		{E82FAC26-4CB7-8E76-A6F8-66FAFE1BDFA3}.Release|Any CPU.Build.0 = Release|Any CPU
		{B510B476-2914-347F-D6B9-9504D2A75EDE}.Debug|Any CPU.ActiveCfg = Debug|Any CPU
		{B510B476-2914-347F-D6B9-9504D2A75EDE}.Debug|Any CPU.Build.0 = Debug|Any CPU
		{B510B476-2914-347F-D6B9-9504D2A75EDE}.Release|Any CPU.ActiveCfg = Release|Any CPU
		{B510B476-2914-347F-D6B9-9504D2A75EDE}.Release|Any CPU.Build.0 = Release|Any CPU
		{65DE5DC5-B303-AC82-6082-A3D878B2DFE6}.Debug|Any CPU.ActiveCfg = Debug|Any CPU
		{65DE5DC5-B303-AC82-6082-A3D878B2DFE6}.Debug|Any CPU.Build.0 = Debug|Any CPU
		{65DE5DC5-B303-AC82-6082-A3D878B2DFE6}.Release|Any CPU.ActiveCfg = Release|Any CPU
		{65DE5DC5-B303-AC82-6082-A3D878B2DFE6}.Release|Any CPU.Build.0 = Release|Any CPU
		{05B47512-E1A3-5CC4-E5C2-B865904B04DD}.Debug|Any CPU.ActiveCfg = Debug|Any CPU
		{05B47512-E1A3-5CC4-E5C2-B865904B04DD}.Debug|Any CPU.Build.0 = Debug|Any CPU
		{05B47512-E1A3-5CC4-E5C2-B865904B04DD}.Release|Any CPU.ActiveCfg = Release|Any CPU
		{05B47512-E1A3-5CC4-E5C2-B865904B04DD}.Release|Any CPU.Build.0 = Release|Any CPU
		{75DCAABF-FC27-3E21-92C2-ABE9ABC046BC}.Debug|Any CPU.ActiveCfg = Debug|Any CPU
		{75DCAABF-FC27-3E21-92C2-ABE9ABC046BC}.Debug|Any CPU.Build.0 = Debug|Any CPU
		{75DCAABF-FC27-3E21-92C2-ABE9ABC046BC}.Release|Any CPU.ActiveCfg = Release|Any CPU
		{75DCAABF-FC27-3E21-92C2-ABE9ABC046BC}.Release|Any CPU.Build.0 = Release|Any CPU
		{EB2E9EAE-F143-3D62-4C34-F3138DAA27D8}.Debug|Any CPU.ActiveCfg = Debug|Any CPU
		{EB2E9EAE-F143-3D62-4C34-F3138DAA27D8}.Debug|Any CPU.Build.0 = Debug|Any CPU
		{EB2E9EAE-F143-3D62-4C34-F3138DAA27D8}.Release|Any CPU.ActiveCfg = Release|Any CPU
		{EB2E9EAE-F143-3D62-4C34-F3138DAA27D8}.Release|Any CPU.Build.0 = Release|Any CPU
		{7C64894B-2891-9AB7-7932-FA2EAB2CBA44}.Debug|Any CPU.ActiveCfg = Debug|Any CPU
		{7C64894B-2891-9AB7-7932-FA2EAB2CBA44}.Debug|Any CPU.Build.0 = Debug|Any CPU
		{7C64894B-2891-9AB7-7932-FA2EAB2CBA44}.Release|Any CPU.ActiveCfg = Release|Any CPU
		{7C64894B-2891-9AB7-7932-FA2EAB2CBA44}.Release|Any CPU.Build.0 = Release|Any CPU
		{8B586C60-3DED-F96E-5446-696DC41F55A5}.Debug|Any CPU.ActiveCfg = Debug|Any CPU
		{8B586C60-3DED-F96E-5446-696DC41F55A5}.Debug|Any CPU.Build.0 = Debug|Any CPU
		{8B586C60-3DED-F96E-5446-696DC41F55A5}.Release|Any CPU.ActiveCfg = Release|Any CPU
		{8B586C60-3DED-F96E-5446-696DC41F55A5}.Release|Any CPU.Build.0 = Release|Any CPU
	EndGlobalSection
	GlobalSection(SolutionProperties) = preSolution
		HideSolutionNode = FALSE
	EndGlobalSection
EndGlobal
